
Microsoft Visual Studio Solution File, Format Version 12.00
# Visual Studio Version 16
VisualStudioVersion = 16.0.30621.155
MinimumVisualStudioVersion = 10.0.40219.1
Project("{FAE04EC0-301F-11D3-BF4B-00C04F79EFBC}") = "MyFirstWebApi", "MyFirstWebApi.csproj", "{940D6F4E-90F3-47D3-9530-C32F0A6252D8}"
EndProject
Global
	GlobalSection(SolutionConfigurationPlatforms) = preSolution
		Debug|Any CPU = Debug|Any CPU
		Release|Any CPU = Release|Any CPU
	EndGlobalSection
	GlobalSection(ProjectConfigurationPlatforms) = postSolution
		{940D6F4E-90F3-47D3-9530-C32F0A6252D8}.Debug|Any CPU.ActiveCfg = Debug|Any CPU
		{940D6F4E-90F3-47D3-9530-C32F0A6252D8}.Debug|Any CPU.Build.0 = Debug|Any CPU
		{940D6F4E-90F3-47D3-9530-C32F0A6252D8}.Release|Any CPU.ActiveCfg = Release|Any CPU
		{940D6F4E-90F3-47D3-9530-C32F0A6252D8}.Release|Any CPU.Build.0 = Release|Any CPU
	EndGlobalSection
	GlobalSection(SolutionProperties) = preSolution
		HideSolutionNode = FALSE
	EndGlobalSection
	GlobalSection(ExtensibilityGlobals) = postSolution
		SolutionGuid = {95FB2B63-EF43-4B47-988F-4D966CEEE6F5}
	EndGlobalSection
EndGlobal
